
Microsoft Visual Studio Solution File, Format Version 12.00
# Visual Studio 15
VisualStudioVersion = 15.0.26730.15
MinimumVisualStudioVersion = 10.0.40219.1
Project("{FAE04EC0-301F-11D3-BF4B-00C04F79EFBC}") = "LNU.Scrapper.Web", "LNU.Scrapper.Web\LNU.Scrapper.Web.csproj", "{B6961B41-52FB-4521-B26B-ACBF65C624C3}"
EndProject
Project("{FAE04EC0-301F-11D3-BF4B-00C04F79EFBC}") = "LNU.WPF", "LNU.WPF\LNU.WPF.csproj", "{F6DB9422-F956-4C98-98CE-A52E53157DCA}"
EndProject
Project("{FAE04EC0-301F-11D3-BF4B-00C04F79EFBC}") = "LNU.Models", "LNU.Models\LNU.Models.csproj", "{59325C6A-79CF-4FDB-A0AF-1F9CFD7821A1}"
EndProject
Project("{FAE04EC0-301F-11D3-BF4B-00C04F79EFBC}") = "LNU.Scrapper.Data", "LNU.Scrapper.Data\LNU.Scrapper.Data.csproj", "{0BFCF5E3-17BF-44FB-A236-FF93A741B201}"
EndProject
Project("{FAE04EC0-301F-11D3-BF4B-00C04F79EFBC}") = "LNU.Scrapper.WebApi", "LNU.Scrapper.WebApi\LNU.Scrapper.WebApi.csproj", "{44F78E0B-0FF5-4F55-9F77-8DD8153291C6}"
EndProject
Global
	GlobalSection(SolutionConfigurationPlatforms) = preSolution
		Debug|Any CPU = Debug|Any CPU
		Release|Any CPU = Release|Any CPU
	EndGlobalSection
	GlobalSection(ProjectConfigurationPlatforms) = postSolution
		{B6961B41-52FB-4521-B26B-ACBF65C624C3}.Debug|Any CPU.ActiveCfg = Debug|Any CPU
		{B6961B41-52FB-4521-B26B-ACBF65C624C3}.Debug|Any CPU.Build.0 = Debug|Any CPU
		{B6961B41-52FB-4521-B26B-ACBF65C624C3}.Release|Any CPU.ActiveCfg = Release|Any CPU
		{B6961B41-52FB-4521-B26B-ACBF65C624C3}.Release|Any CPU.Build.0 = Release|Any CPU
		{F6DB9422-F956-4C98-98CE-A52E53157DCA}.Debug|Any CPU.ActiveCfg = Debug|Any CPU
		{F6DB9422-F956-4C98-98CE-A52E53157DCA}.Debug|Any CPU.Build.0 = Debug|Any CPU
		{F6DB9422-F956-4C98-98CE-A52E53157DCA}.Release|Any CPU.ActiveCfg = Release|Any CPU
		{F6DB9422-F956-4C98-98CE-A52E53157DCA}.Release|Any CPU.Build.0 = Release|Any CPU
		{59325C6A-79CF-4FDB-A0AF-1F9CFD7821A1}.Debug|Any CPU.ActiveCfg = Debug|Any CPU
		{59325C6A-79CF-4FDB-A0AF-1F9CFD7821A1}.Debug|Any CPU.Build.0 = Debug|Any CPU
		{59325C6A-79CF-4FDB-A0AF-1F9CFD7821A1}.Release|Any CPU.ActiveCfg = Release|Any CPU
		{59325C6A-79CF-4FDB-A0AF-1F9CFD7821A1}.Release|Any CPU.Build.0 = Release|Any CPU
		{0BFCF5E3-17BF-44FB-A236-FF93A741B201}.Debug|Any CPU.ActiveCfg = Debug|Any CPU
		{0BFCF5E3-17BF-44FB-A236-FF93A741B201}.Debug|Any CPU.Build.0 = Debug|Any CPU
		{0BFCF5E3-17BF-44FB-A236-FF93A741B201}.Release|Any CPU.ActiveCfg = Release|Any CPU
		{0BFCF5E3-17BF-44FB-A236-FF93A741B201}.Release|Any CPU.Build.0 = Release|Any CPU
		{44F78E0B-0FF5-4F55-9F77-8DD8153291C6}.Debug|Any CPU.ActiveCfg = Debug|Any CPU
		{44F78E0B-0FF5-4F55-9F77-8DD8153291C6}.Debug|Any CPU.Build.0 = Debug|Any CPU
		{44F78E0B-0FF5-4F55-9F77-8DD8153291C6}.Release|Any CPU.ActiveCfg = Release|Any CPU
		{44F78E0B-0FF5-4F55-9F77-8DD8153291C6}.Release|Any CPU.Build.0 = Release|Any CPU
	EndGlobalSection
	GlobalSection(SolutionProperties) = preSolution
		HideSolutionNode = FALSE
	EndGlobalSection
	GlobalSection(ExtensibilityGlobals) = postSolution
		SolutionGuid = {8FE90F13-CC17-464F-BE06-99FCE2EF3433}
	EndGlobalSection
EndGlobal
