
Microsoft Visual Studio Solution File, Format Version 12.00
# Visual Studio 15
VisualStudioVersion = 15.0.27428.2027
MinimumVisualStudioVersion = 10.0.40219.1
Project("{FAE04EC0-301F-11D3-BF4B-00C04F79EFBC}") = "LNU.JAVA", "LNU.JAVA\LNU.JAVA.csproj", "{2FB8EA3A-FB30-402D-8F41-6308321F3A59}"
EndProject
Project("{FAE04EC0-301F-11D3-BF4B-00C04F79EFBC}") = "LNU.JAVA.Core", "LNU.JAVA.Core\LNU.JAVA.Core.csproj", "{920A6EC4-8F45-495D-B319-A776BEB5736A}"
EndProject
Project("{FAE04EC0-301F-11D3-BF4B-00C04F79EFBC}") = "LNU.JAVA.Data", "LNU.JAVA.Data\LNU.JAVA.Data.csproj", "{48B05309-9B97-4E0F-B553-E4F9CD35E1FD}"
EndProject
Project("{FAE04EC0-301F-11D3-BF4B-00C04F79EFBC}") = "LNU.JAVA.Wpf", "LNU.JAVA.Wpf\LNU.JAVA.Wpf.csproj", "{8C26426E-6DA8-4904-B19F-2F02675DCFAF}"
EndProject
Project("{FAE04EC0-301F-11D3-BF4B-00C04F79EFBC}") = "LNU.JAVA.App", "LNU.JAVA.App\LNU.JAVA.App.csproj", "{F1638ABF-26D1-4726-84E6-735B52D44AAB}"
EndProject
Project("{FAE04EC0-301F-11D3-BF4B-00C04F79EFBC}") = "LNU.JAVA.ApiService", "LNU.JAVA.ApiService\LNU.JAVA.ApiService.csproj", "{AC4BDA07-4E8B-450C-8A25-22949E2DC8B0}"
EndProject
Global
	GlobalSection(SolutionConfigurationPlatforms) = preSolution
		Debug|Any CPU = Debug|Any CPU
		Release|Any CPU = Release|Any CPU
	EndGlobalSection
	GlobalSection(ProjectConfigurationPlatforms) = postSolution
		{2FB8EA3A-FB30-402D-8F41-6308321F3A59}.Debug|Any CPU.ActiveCfg = Debug|Any CPU
		{2FB8EA3A-FB30-402D-8F41-6308321F3A59}.Debug|Any CPU.Build.0 = Debug|Any CPU
		{2FB8EA3A-FB30-402D-8F41-6308321F3A59}.Release|Any CPU.ActiveCfg = Release|Any CPU
		{2FB8EA3A-FB30-402D-8F41-6308321F3A59}.Release|Any CPU.Build.0 = Release|Any CPU
		{920A6EC4-8F45-495D-B319-A776BEB5736A}.Debug|Any CPU.ActiveCfg = Debug|Any CPU
		{920A6EC4-8F45-495D-B319-A776BEB5736A}.Debug|Any CPU.Build.0 = Debug|Any CPU
		{920A6EC4-8F45-495D-B319-A776BEB5736A}.Release|Any CPU.ActiveCfg = Release|Any CPU
		{920A6EC4-8F45-495D-B319-A776BEB5736A}.Release|Any CPU.Build.0 = Release|Any CPU
		{48B05309-9B97-4E0F-B553-E4F9CD35E1FD}.Debug|Any CPU.ActiveCfg = Debug|Any CPU
		{48B05309-9B97-4E0F-B553-E4F9CD35E1FD}.Debug|Any CPU.Build.0 = Debug|Any CPU
		{48B05309-9B97-4E0F-B553-E4F9CD35E1FD}.Release|Any CPU.ActiveCfg = Release|Any CPU
		{48B05309-9B97-4E0F-B553-E4F9CD35E1FD}.Release|Any CPU.Build.0 = Release|Any CPU
		{8C26426E-6DA8-4904-B19F-2F02675DCFAF}.Debug|Any CPU.ActiveCfg = Debug|Any CPU
		{8C26426E-6DA8-4904-B19F-2F02675DCFAF}.Debug|Any CPU.Build.0 = Debug|Any CPU
		{8C26426E-6DA8-4904-B19F-2F02675DCFAF}.Release|Any CPU.ActiveCfg = Release|Any CPU
		{8C26426E-6DA8-4904-B19F-2F02675DCFAF}.Release|Any CPU.Build.0 = Release|Any CPU
		{F1638ABF-26D1-4726-84E6-735B52D44AAB}.Debug|Any CPU.ActiveCfg = Debug|Any CPU
		{F1638ABF-26D1-4726-84E6-735B52D44AAB}.Debug|Any CPU.Build.0 = Debug|Any CPU
		{F1638ABF-26D1-4726-84E6-735B52D44AAB}.Release|Any CPU.ActiveCfg = Release|Any CPU
		{F1638ABF-26D1-4726-84E6-735B52D44AAB}.Release|Any CPU.Build.0 = Release|Any CPU
		{AC4BDA07-4E8B-450C-8A25-22949E2DC8B0}.Debug|Any CPU.ActiveCfg = Debug|Any CPU
		{AC4BDA07-4E8B-450C-8A25-22949E2DC8B0}.Debug|Any CPU.Build.0 = Debug|Any CPU
		{AC4BDA07-4E8B-450C-8A25-22949E2DC8B0}.Release|Any CPU.ActiveCfg = Release|Any CPU
		{AC4BDA07-4E8B-450C-8A25-22949E2DC8B0}.Release|Any CPU.Build.0 = Release|Any CPU
	EndGlobalSection
	GlobalSection(SolutionProperties) = preSolution
		HideSolutionNode = FALSE
	EndGlobalSection
	GlobalSection(ExtensibilityGlobals) = postSolution
		SolutionGuid = {2EB9461D-A7FA-4A5E-A694-28283F4F27A2}
	EndGlobalSection
EndGlobal
